
Microsoft Visual Studio Solution File, Format Version 12.00
# Visual Studio Version 17
VisualStudioVersion = 17.13.35828.75
MinimumVisualStudioVersion = 10.0.40219.1
Project("{FAE04EC0-301F-11D3-BF4B-00C04F79EFBC}") = "GestionAdminPolicial.Entity", "GestionAdminPolicial.Entity\GestionAdminPolicial.Entity.csproj", "{5C36C52C-D8EE-4F75-BC7E-AA755F3994A0}"
EndProject
Project("{FAE04EC0-301F-11D3-BF4B-00C04F79EFBC}") = "GestionAdminPolicial.BLL", "GestionAdminPolicial.BLL\GestionAdminPolicial.BLL.csproj", "{7B9030C9-F674-4E40-A686-3BA5F0EFF0E5}"
EndProject
Project("{FAE04EC0-301F-11D3-BF4B-00C04F79EFBC}") = "GestionAdminPolicial.IOC", "GestionAdminPolicial.IOC\GestionAdminPolicial.IOC.csproj", "{A20290DF-F9EE-4AE0-94B9-51215A744AF6}"
EndProject
Project("{FAE04EC0-301F-11D3-BF4B-00C04F79EFBC}") = "GestionAdminPolicial.AplicacionWeb", "GestionAdminPolicial.AplicacionWeb\GestionAdminPolicial.AplicacionWeb.csproj", "{9EEBEE97-C0D9-4EB6-BAFD-46A90E2BFBDD}"
EndProject
Project("{FAE04EC0-301F-11D3-BF4B-00C04F79EFBC}") = "GestionAdminPolicial.DAL", "GestionAdminPolicial.DAL\GestionAdminPolicial.DAL.csproj", "{B7F7CC97-A3C5-454E-974A-BC11FBC6A0DF}"
EndProject
Global
	GlobalSection(SolutionConfigurationPlatforms) = preSolution
		Debug|Any CPU = Debug|Any CPU
		Release|Any CPU = Release|Any CPU
	EndGlobalSection
	GlobalSection(ProjectConfigurationPlatforms) = postSolution
		{5C36C52C-D8EE-4F75-BC7E-AA755F3994A0}.Debug|Any CPU.ActiveCfg = Debug|Any CPU
		{5C36C52C-D8EE-4F75-BC7E-AA755F3994A0}.Debug|Any CPU.Build.0 = Debug|Any CPU
		{5C36C52C-D8EE-4F75-BC7E-AA755F3994A0}.Release|Any CPU.ActiveCfg = Release|Any CPU
		{5C36C52C-D8EE-4F75-BC7E-AA755F3994A0}.Release|Any CPU.Build.0 = Release|Any CPU
		{7B9030C9-F674-4E40-A686-3BA5F0EFF0E5}.Debug|Any CPU.ActiveCfg = Debug|Any CPU
		{7B9030C9-F674-4E40-A686-3BA5F0EFF0E5}.Debug|Any CPU.Build.0 = Debug|Any CPU
		{7B9030C9-F674-4E40-A686-3BA5F0EFF0E5}.Release|Any CPU.ActiveCfg = Release|Any CPU
		{7B9030C9-F674-4E40-A686-3BA5F0EFF0E5}.Release|Any CPU.Build.0 = Release|Any CPU
		{A20290DF-F9EE-4AE0-94B9-51215A744AF6}.Debug|Any CPU.ActiveCfg = Debug|Any CPU
		{A20290DF-F9EE-4AE0-94B9-51215A744AF6}.Debug|Any CPU.Build.0 = Debug|Any CPU
		{A20290DF-F9EE-4AE0-94B9-51215A744AF6}.Release|Any CPU.ActiveCfg = Release|Any CPU
		{A20290DF-F9EE-4AE0-94B9-51215A744AF6}.Release|Any CPU.Build.0 = Release|Any CPU
		{9EEBEE97-C0D9-4EB6-BAFD-46A90E2BFBDD}.Debug|Any CPU.ActiveCfg = Debug|Any CPU
		{9EEBEE97-C0D9-4EB6-BAFD-46A90E2BFBDD}.Debug|Any CPU.Build.0 = Debug|Any CPU
		{9EEBEE97-C0D9-4EB6-BAFD-46A90E2BFBDD}.Release|Any CPU.ActiveCfg = Release|Any CPU
		{9EEBEE97-C0D9-4EB6-BAFD-46A90E2BFBDD}.Release|Any CPU.Build.0 = Release|Any CPU
		{B7F7CC97-A3C5-454E-974A-BC11FBC6A0DF}.Debug|Any CPU.ActiveCfg = Debug|Any CPU
		{B7F7CC97-A3C5-454E-974A-BC11FBC6A0DF}.Debug|Any CPU.Build.0 = Debug|Any CPU
		{B7F7CC97-A3C5-454E-974A-BC11FBC6A0DF}.Release|Any CPU.ActiveCfg = Release|Any CPU
		{B7F7CC97-A3C5-454E-974A-BC11FBC6A0DF}.Release|Any CPU.Build.0 = Release|Any CPU
	EndGlobalSection
	GlobalSection(SolutionProperties) = preSolution
		HideSolutionNode = FALSE
	EndGlobalSection
	GlobalSection(ExtensibilityGlobals) = postSolution
		SolutionGuid = {FD013A98-68B1-4B2C-B8EF-856540EDFD19}
	EndGlobalSection
EndGlobal
